
Microsoft Visual Studio Solution File, Format Version 12.00
# Visual Studio Version 16
VisualStudioVersion = 16.0.31005.135
MinimumVisualStudioVersion = 10.0.40219.1
Project("{FAE04EC0-301F-11D3-BF4B-00C04F79EFBC}") = "Ejercicio 1", "Ejercicio 1\Ejercicio 1.csproj", "{B77027CE-4BE9-4E0F-A234-32D9AAFFC0DE}"
EndProject
Global
	GlobalSection(SolutionConfigurationPlatforms) = preSolution
		Debug|Any CPU = Debug|Any CPU
		Release|Any CPU = Release|Any CPU
	EndGlobalSection
	GlobalSection(ProjectConfigurationPlatforms) = postSolution
		{B77027CE-4BE9-4E0F-A234-32D9AAFFC0DE}.Debug|Any CPU.ActiveCfg = Debug|Any CPU
		{B77027CE-4BE9-4E0F-A234-32D9AAFFC0DE}.Debug|Any CPU.Build.0 = Debug|Any CPU
		{B77027CE-4BE9-4E0F-A234-32D9AAFFC0DE}.Release|Any CPU.ActiveCfg = Release|Any CPU
		{B77027CE-4BE9-4E0F-A234-32D9AAFFC0DE}.Release|Any CPU.Build.0 = Release|Any CPU
	EndGlobalSection
	GlobalSection(SolutionProperties) = preSolution
		HideSolutionNode = FALSE
	EndGlobalSection
	GlobalSection(ExtensibilityGlobals) = postSolution
		SolutionGuid = {359844F4-F282-4D7E-B79D-BF5D9D5D09CC}
	EndGlobalSection
EndGlobal
